
Microsoft Visual Studio Solution File, Format Version 12.00
# Visual Studio Version 16
VisualStudioVersion = 16.0.32002.261
MinimumVisualStudioVersion = 10.0.40219.1
Project("{9A19103F-16F7-4668-BE54-9A1E7A4F7556}") = "ReGUID", "ReGUID\ReGUID.csproj", "{AF88CF59-1193-47D9-AF1B-E6A295F0D0EB}"
EndProject
Global
	GlobalSection(SolutionConfigurationPlatforms) = preSolution
		Debug|Any CPU = Debug|Any CPU
		Release|Any CPU = Release|Any CPU
	EndGlobalSection
	GlobalSection(ProjectConfigurationPlatforms) = postSolution
		{AF88CF59-1193-47D9-AF1B-E6A295F0D0EB}.Debug|Any CPU.ActiveCfg = Debug|Any CPU
		{AF88CF59-1193-47D9-AF1B-E6A295F0D0EB}.Debug|Any CPU.Build.0 = Debug|Any CPU
		{AF88CF59-1193-47D9-AF1B-E6A295F0D0EB}.Release|Any CPU.ActiveCfg = Release|Any CPU
		{AF88CF59-1193-47D9-AF1B-E6A295F0D0EB}.Release|Any CPU.Build.0 = Release|Any CPU
	EndGlobalSection
	GlobalSection(SolutionProperties) = preSolution
		HideSolutionNode = FALSE
	EndGlobalSection
	GlobalSection(ExtensibilityGlobals) = postSolution
		SolutionGuid = {64F8EBA8-3338-478B-9511-3C9482D1C290}
	EndGlobalSection
EndGlobal
